
Microsoft Visual Studio Solution File, Format Version 12.00
# Visual Studio Version 17
VisualStudioVersion = 17.0.31903.59
MinimumVisualStudioVersion = 10.0.40219.1
Project("{FAE04EC0-301F-11D3-BF4B-00C04F79EFBC}") = "ProductBundles.Sdk", "ProductBundles.Sdk\ProductBundles.Sdk.csproj", "{02ED6E95-BD11-4210-8A3B-4199DDB1E5A5}"
EndProject
Project("{FAE04EC0-301F-11D3-BF4B-00C04F79EFBC}") = "ProductBundles.Core", "ProductBundles.Core\ProductBundles.Core.csproj", "{B3C45E8A-1F2D-4E5A-9B8C-6D7E8F9A0B1C}"
EndProject
Project("{FAE04EC0-301F-11D3-BF4B-00C04F79EFBC}") = "ProductBundles.PluginLoader", "ProductBundles.PluginLoader\ProductBundles.PluginLoader.csproj", "{A9C92BA2-2CEF-4207-8A31-1CB463F075E1}"
EndProject
Global
	GlobalSection(SolutionConfigurationPlatforms) = preSolution
		Debug|Any CPU = Debug|Any CPU
		Release|Any CPU = Release|Any CPU
	EndGlobalSection
	GlobalSection(SolutionProperties) = preSolution
		HideSolutionNode = FALSE
	EndGlobalSection
	GlobalSection(ProjectConfigurationPlatforms) = postSolution
		{02ED6E95-BD11-4210-8A3B-4199DDB1E5A5}.Debug|Any CPU.ActiveCfg = Debug|Any CPU
		{02ED6E95-BD11-4210-8A3B-4199DDB1E5A5}.Debug|Any CPU.Build.0 = Debug|Any CPU
		{02ED6E95-BD11-4210-8A3B-4199DDB1E5A5}.Release|Any CPU.ActiveCfg = Release|Any CPU
		{02ED6E95-BD11-4210-8A3B-4199DDB1E5A5}.Release|Any CPU.Build.0 = Release|Any CPU
		{B3C45E8A-1F2D-4E5A-9B8C-6D7E8F9A0B1C}.Debug|Any CPU.ActiveCfg = Debug|Any CPU
		{B3C45E8A-1F2D-4E5A-9B8C-6D7E8F9A0B1C}.Debug|Any CPU.Build.0 = Debug|Any CPU
		{B3C45E8A-1F2D-4E5A-9B8C-6D7E8F9A0B1C}.Release|Any CPU.ActiveCfg = Release|Any CPU
		{B3C45E8A-1F2D-4E5A-9B8C-6D7E8F9A0B1C}.Release|Any CPU.Build.0 = Release|Any CPU
		{A9C92BA2-2CEF-4207-8A31-1CB463F075E1}.Debug|Any CPU.ActiveCfg = Debug|Any CPU
		{A9C92BA2-2CEF-4207-8A31-1CB463F075E1}.Debug|Any CPU.Build.0 = Debug|Any CPU
		{A9C92BA2-2CEF-4207-8A31-1CB463F075E1}.Release|Any CPU.ActiveCfg = Release|Any CPU
		{A9C92BA2-2CEF-4207-8A31-1CB463F075E1}.Release|Any CPU.Build.0 = Release|Any CPU
	EndGlobalSection
EndGlobal
